lockfileVersion: '9.0'

settings:
  autoInstallPeers: true
  excludeLinksFromLockfile: false

importers:

  .:
    dependencies:
      '@types/node':
        specifier: ^24.4.0
        version: 24.4.0
      date-fns:
        specifier: ^4.1.0
        version: 4.1.0

packages:

  '@types/node@24.4.0':
    resolution: {integrity: sha512-gUuVEAK4/u6F9wRLznPUU4WGUacSEBDPoC2TrBkw3GAnOLHBL45QdfHOXp1kJ4ypBGLxTOB+t7NJLpKoC3gznQ==}

  date-fns@4.1.0:
    resolution: {integrity: sha512-Ukq0owbQXxa/U3EGtsdVBkR1w7KOQ5gIBqdH2hkvknzZPYvBxb/aa6E8L7tmjFtkwZBu3UXBbjIgPo/Ez4xaNg==}

  undici-types@7.11.0:
    resolution: {integrity: sha512-kt1ZriHTi7MU+Z/r9DOdAI3ONdaR3M3csEaRc6ewa4f4dTvX4cQCbJ4NkEn0ohE4hHtq85+PhPSTY+pO/1PwgA==}

snapshots:

  '@types/node@24.4.0':
    dependencies:
      undici-types: 7.11.0

  date-fns@4.1.0: {}

  undici-types@7.11.0: {}
